# THIS IS AN AUTOGENERATED FILE. DO NOT EDIT THIS FILE DIRECTLY.
# yarn lockfile v1


"@react-native-async-storage/async-storage@^2.0.0":
  version "2.0.0"
  resolved "https://registry.npmjs.org/@react-native-async-storage/async-storage/-/async-storage-2.0.0.tgz"
  integrity sha512-af6H9JjfL6G/PktBfUivvexoiFKQTJGQCtSWxMdivLzNIY94mu9DdiY0JqCSg/LyPCLGKhHPUlRQhNvpu3/KVA==
  dependencies:
    merge-options "^3.0.4"

"@react-native-community/netinfo@^11.4.1":
  version "11.4.1"
  resolved "https://registry.yarnpkg.com/@react-native-community/netinfo/-/netinfo-11.4.1.tgz#a3c247aceab35f75dd0aa4bfa85d2be5a4508688"
  integrity sha512-B0BYAkghz3Q2V09BF88RA601XursIEA111tnc2JOaN7axJWmNefmfjZqw/KdSxKZp7CZUuPpjBmz/WCR9uaHYg==

"@react-native-firebase/auth@^21.0.0":
  version "21.0.0"
  resolved "https://registry.npmjs.org/@react-native-firebase/auth/-/auth-21.0.0.tgz"
  integrity sha512-aCWg60DmbeZio6m8/tN2wBU3uMmYUzlAqP5DMlA3r8FrKTmmtVTrnDjY1PAyC+0yRTAOH2fbKW6HN5kRKndGLQ==
  dependencies:
    plist "^3.1.0"

"@react-native-firebase/firestore@^21.0.0":
  version "21.0.0"
  resolved "https://registry.npmjs.org/@react-native-firebase/firestore/-/firestore-21.0.0.tgz"
  integrity sha512-cz3ASBxfj853LfICjKmRe4OXRG5hmzpVNqdvPT1K9K/SDkypMhv+NMKptfmevz3taRmNtSeCOwctid1VrhN+wg==

"@react-native-firebase/functions@^21.0.0":
  version "21.0.0"
  resolved "https://registry.npmjs.org/@react-native-firebase/functions/-/functions-21.0.0.tgz"
  integrity sha512-owiLnJQ7P4rXRQJC6hQWNPwR7zXJ0OI2JdGf18LVwEK6CuGrSG44CiMp6PmdCYRyrN8k6buH+AeJF9Tl0NIVQw==

"@xmldom/xmldom@^0.8.8":
  version "0.8.10"
  resolved "https://registry.npmjs.org/@xmldom/xmldom/-/xmldom-0.8.10.tgz"
  integrity sha512-2WALfTl4xo2SkGCYRt6rDTFfk9R1czmBvUQy12gK2KuRKIpWEhcbbzy8EZXtz/jkRqHX8bFEc6FC1HjX4TUWYw==

base64-js@^1.5.1:
  version "1.5.1"
  resolved "https://registry.npmjs.org/base64-js/-/base64-js-1.5.1.tgz"
  integrity sha512-AKpaYlHn8t4SVbOHCy+b5+KKgvR4vrsD8vbvrbiQJps7fKDTkjkDry6ji0rUJjC0kzbNePLwzxq8iypo41qeWA==

is-plain-obj@^2.1.0:
  version "2.1.0"
  resolved "https://registry.npmjs.org/is-plain-obj/-/is-plain-obj-2.1.0.tgz"
  integrity sha512-YWnfyRwxL/+SsrWYfOpUtz5b3YD+nyfkHvjbcanzk8zgyO4ASD67uVMRt8k5bM4lLMDnXfriRhOpemw+NfT1eA==

merge-options@^3.0.4:
  version "3.0.4"
  resolved "https://registry.npmjs.org/merge-options/-/merge-options-3.0.4.tgz"
  integrity sha512-2Sug1+knBjkaMsMgf1ctR1Ujx+Ayku4EdJN4Z+C2+JzoeF7A3OZ9KM2GY0CpQS51NR61LTurMJrRKPhSs3ZRTQ==
  dependencies:
    is-plain-obj "^2.1.0"

plist@^3.1.0:
  version "3.1.0"
  resolved "https://registry.npmjs.org/plist/-/plist-3.1.0.tgz"
  integrity sha512-uysumyrvkUX0rX/dEVqt8gC3sTBzd4zoWfLeS29nb53imdaXVvLINYXTI2GNqzaMuvacNx4uJQ8+b3zXR0pkgQ==
  dependencies:
    "@xmldom/xmldom" "^0.8.8"
    base64-js "^1.5.1"
    xmlbuilder "^15.1.1"

xmlbuilder@^15.1.1:
  version "15.1.1"
  resolved "https://registry.npmjs.org/xmlbuilder/-/xmlbuilder-15.1.1.tgz"
  integrity sha512-yMqGBqtXyeN1e3TGYvgNgDVZ3j84W4cwkOXQswghol6APgZWaff9lnbvN7MHYJOiXsvGPXtjTYJEiC9J2wv9Eg==
